
Microsoft Visual Studio Solution File, Format Version 12.00
# Visual Studio Version 16
VisualStudioVersion = 16.0.31105.61
MinimumVisualStudioVersion = 10.0.40219.1
Project("{FAE04EC0-301F-11D3-BF4B-00C04F79EFBC}") = "TLSCHECK", "TLSCHECK\TLSCHECK.csproj", "{CAB64A97-2AD4-490C-9DB6-B1A4D31C9F8F}"
EndProject
Global
	GlobalSection(SolutionConfigurationPlatforms) = preSolution
		Debug|Any CPU = Debug|Any CPU
		Release|Any CPU = Release|Any CPU
	EndGlobalSection
	GlobalSection(ProjectConfigurationPlatforms) = postSolution
		{CAB64A97-2AD4-490C-9DB6-B1A4D31C9F8F}.Debug|Any CPU.ActiveCfg = Debug|Any CPU
		{CAB64A97-2AD4-490C-9DB6-B1A4D31C9F8F}.Debug|Any CPU.Build.0 = Debug|Any CPU
		{CAB64A97-2AD4-490C-9DB6-B1A4D31C9F8F}.Release|Any CPU.ActiveCfg = Release|Any CPU
		{CAB64A97-2AD4-490C-9DB6-B1A4D31C9F8F}.Release|Any CPU.Build.0 = Release|Any CPU
	EndGlobalSection
	GlobalSection(SolutionProperties) = preSolution
		HideSolutionNode = FALSE
	EndGlobalSection
	GlobalSection(ExtensibilityGlobals) = postSolution
		SolutionGuid = {2FD27844-AAFA-4E3B-B4AE-587B270D077A}
	EndGlobalSection
EndGlobal
